langcode: en
status: true
dependencies:
  module:
    - block_class
    - frost_custom
  theme:
    - stable
third_party_settings:
  block_class:
    classes: null
id: stable_searchiconblock
theme: stable
region: sidebar_first
weight: -7
provider: null
plugin: search_icon_block
settings:
  id: search_icon_block
  label: 'Search Icon Block'
  label_display: '0'
  provider: frost_custom
visibility: {  }
