uuid: a626cdaf-b2ce-4d57-842b-7c8e204effa5
langcode: en
status: true
dependencies:
  module:
    - block_class
    - frost_custom
  theme:
    - classy
third_party_settings:
  block_class:
    classes: null
_core:
  default_config_hash: HAePoWVFX7zPoRhyOOHeQfZf6J2GFZOtPKHx35crgnM
id: classy_searchiconblock
theme: classy
region: sidebar_first
weight: -7
provider: null
plugin: search_icon_block
settings:
  id: search_icon_block
  label: 'Search Icon Block'
  label_display: '0'
  provider: frost_custom
visibility: {  }
