uuid: abd2bfa4-1d85-4e15-8f4e-190a32824adf
langcode: en
status: true
dependencies:
  module:
    - frost_custom
  theme:
    - frost_theme
third_party_settings:
  block_class:
    classes: null
_core:
  default_config_hash: HAePoWVFX7zPoRhyOOHeQfZf6J2GFZOtPKHx35crgnM
id: searchiconblock
theme: frost_theme
region: nav
weight: -7
provider: null
plugin: search_icon_block
settings:
  id: search_icon_block
  label: 'Search Icon Block'
  label_display: '0'
  provider: frost_custom
visibility: {  }
