uuid: 95ad8f1d-6637-41cd-8d79-0191ce673f48
langcode: en
status: true
dependencies:
  module:
    - block_field
    - paragraphs
_core:
  default_config_hash: 9EQIZaVGvqXBwD34gwekXiW-coggJ_jAmzAgDpL4Roc
id: paragraph.field_block
field_name: field_block
entity_type: paragraph
type: block_field
settings: {  }
module: block_field
locked: false
cardinality: 1
translatable: true
indexes: {  }
persist_with_no_fields: false
custom_storage: false
